
Microsoft Visual Studio Solution File, Format Version 12.00
# Visual Studio Version 17
VisualStudioVersion = 17.1.32407.343
MinimumVisualStudioVersion = 10.0.40219.1
Project("{9A19103F-16F7-4668-BE54-9A1E7A4F7556}") = "NavitalevichBot", "NavitalevichBot\NavitalevichBot.csproj", "{A964D73C-9D58-4B1D-8985-F3C68BE78F8C}"
EndProject
Project("{9A19103F-16F7-4668-BE54-9A1E7A4F7556}") = "NavitalevichBot.Data.Sqlite", "NavitalevichBot.Data.Sqlite\NavitalevichBot.Data.Sqlite.csproj", "{D588C9D5-063A-4FA0-A78B-27EFCBBBDE22}"
EndProject
Project("{9A19103F-16F7-4668-BE54-9A1E7A4F7556}") = "NavitalevichBot.Data.Mongo", "NavitalevichBot.Data.Mongo\NavitalevichBot.Data.Mongo.csproj", "{D7A9FF84-E561-4778-B668-3A08FB5FEDF5}"
EndProject
Project("{9A19103F-16F7-4668-BE54-9A1E7A4F7556}") = "NavitalevichBot.Data", "NavitalevichBot.Data\NavitalevichBot.Data.csproj", "{1EC0E772-4933-4C26-99FC-91B835CF98E0}"
EndProject
Global
	GlobalSection(SolutionConfigurationPlatforms) = preSolution
		Debug|Any CPU = Debug|Any CPU
		Release|Any CPU = Release|Any CPU
	EndGlobalSection
	GlobalSection(ProjectConfigurationPlatforms) = postSolution
		{A964D73C-9D58-4B1D-8985-F3C68BE78F8C}.Debug|Any CPU.ActiveCfg = Debug|Any CPU
		{A964D73C-9D58-4B1D-8985-F3C68BE78F8C}.Debug|Any CPU.Build.0 = Debug|Any CPU
		{A964D73C-9D58-4B1D-8985-F3C68BE78F8C}.Release|Any CPU.ActiveCfg = Release|Any CPU
		{A964D73C-9D58-4B1D-8985-F3C68BE78F8C}.Release|Any CPU.Build.0 = Release|Any CPU
		{D588C9D5-063A-4FA0-A78B-27EFCBBBDE22}.Debug|Any CPU.ActiveCfg = Debug|Any CPU
		{D588C9D5-063A-4FA0-A78B-27EFCBBBDE22}.Debug|Any CPU.Build.0 = Debug|Any CPU
		{D588C9D5-063A-4FA0-A78B-27EFCBBBDE22}.Release|Any CPU.ActiveCfg = Release|Any CPU
		{D588C9D5-063A-4FA0-A78B-27EFCBBBDE22}.Release|Any CPU.Build.0 = Release|Any CPU
		{D7A9FF84-E561-4778-B668-3A08FB5FEDF5}.Debug|Any CPU.ActiveCfg = Debug|Any CPU
		{D7A9FF84-E561-4778-B668-3A08FB5FEDF5}.Debug|Any CPU.Build.0 = Debug|Any CPU
		{D7A9FF84-E561-4778-B668-3A08FB5FEDF5}.Release|Any CPU.ActiveCfg = Release|Any CPU
		{D7A9FF84-E561-4778-B668-3A08FB5FEDF5}.Release|Any CPU.Build.0 = Release|Any CPU
		{1EC0E772-4933-4C26-99FC-91B835CF98E0}.Debug|Any CPU.ActiveCfg = Debug|Any CPU
		{1EC0E772-4933-4C26-99FC-91B835CF98E0}.Debug|Any CPU.Build.0 = Debug|Any CPU
		{1EC0E772-4933-4C26-99FC-91B835CF98E0}.Release|Any CPU.ActiveCfg = Release|Any CPU
		{1EC0E772-4933-4C26-99FC-91B835CF98E0}.Release|Any CPU.Build.0 = Release|Any CPU
	EndGlobalSection
	GlobalSection(SolutionProperties) = preSolution
		HideSolutionNode = FALSE
	EndGlobalSection
	GlobalSection(ExtensibilityGlobals) = postSolution
		SolutionGuid = {6E02BD90-70BF-4EA1-A7E8-92331D70DE42}
	EndGlobalSection
EndGlobal
