
Microsoft Visual Studio Solution File, Format Version 12.00
# Visual Studio Version 17
VisualStudioVersion = 17.1.32407.343
MinimumVisualStudioVersion = 10.0.40219.1
Project("{FAE04EC0-301F-11D3-BF4B-00C04F79EFBC}") = "NavitalevichBot", "NavitalevichBot\NavitalevichBot.csproj", "{A964D73C-9D58-4B1D-8985-F3C68BE78F8C}"
EndProject
Global
	GlobalSection(SolutionConfigurationPlatforms) = preSolution
		Debug|Any CPU = Debug|Any CPU
		Release|Any CPU = Release|Any CPU
	EndGlobalSection
	GlobalSection(ProjectConfigurationPlatforms) = postSolution
		{A964D73C-9D58-4B1D-8985-F3C68BE78F8C}.Debug|Any CPU.ActiveCfg = Debug|Any CPU
		{A964D73C-9D58-4B1D-8985-F3C68BE78F8C}.Debug|Any CPU.Build.0 = Debug|Any CPU
		{A964D73C-9D58-4B1D-8985-F3C68BE78F8C}.Release|Any CPU.ActiveCfg = Release|Any CPU
		{A964D73C-9D58-4B1D-8985-F3C68BE78F8C}.Release|Any CPU.Build.0 = Release|Any CPU
	EndGlobalSection
	GlobalSection(SolutionProperties) = preSolution
		HideSolutionNode = FALSE
	EndGlobalSection
	GlobalSection(ExtensibilityGlobals) = postSolution
		SolutionGuid = {6E02BD90-70BF-4EA1-A7E8-92331D70DE42}
	EndGlobalSection
EndGlobal
